<Solution>
  <Folder Name="/Solution Items/">
    <File Path="README.md" />
  </Folder>
  <Folder Name="/Src/" />
  <Folder Name="/Src/BuildingBlocks/">
    <Project Path="Src/BuildingBlocks/CargoFlow.BuildingBlocks.Application/CargoFlow.BuildingBlocks.Application.csproj" />
    <Project Path="Src/BuildingBlocks/CargoFlow.BuildingBlocks.Domain/CargoFlow.BuildingBlocks.Domain.csproj" />
    <Project Path="Src/BuildingBlocks/CargoFlow.BuildingBlocks.Infrastructure/CargoFlow.BuildingBlocks.Infrastructure.csproj" />
    <Project Path="Src/BuildingBlocks/CargoFlow.BuildingBlocks.Messaging/CargoFlow.BuildingBlocks.Messaging.csproj" />
    <Project Path="Src/BuildingBlocks/CargoFlow.BuildingBlocks.Presentation/CargoFlow.BuildingBlocks.Presentation.csproj" Id="cca74a9b-e41f-4370-99a9-0256764b16fa" />
  </Folder>
  <Folder Name="/Src/Gateway/" />
  <Folder Name="/Src/Services/" />
  <Folder Name="/Src/Services/Identity/">
    <Project Path="Src/Identity/CargoFlow.Identity.Api/CargoFlow.Identity.Api.csproj" Id="a19ba563-b538-4bf2-b061-a93f600b17a3" />
    <Project Path="Src/Identity/CargoFlow.Identity.Application/CargoFlow.Identity.Application.csproj" />
    <Project Path="Src/Identity/CargoFlow.Identity.Domain/CargoFlow.Identity.Domain.csproj" />
    <Project Path="Src/Identity/CargoFlow.Identity.Infrastructure/CargoFlow.Identity.Infrastructure.csproj" />
  </Folder>
  <Folder Name="/Src/Services/Inventory/" />
  <Folder Name="/Src/Services/Notifications/" />
  <Folder Name="/Src/Services/Orders/" />
  <Folder Name="/Src/Services/Shipping/" />
  <Folder Name="/Src/Tests/" />
  <Project Path="docker-compose.dcproj">
    <Build />
  </Project>
</Solution>
